
Microsoft Visual Studio Solution File, Format Version 12.00
# Visual Studio Version 17
VisualStudioVersion = 17.5.33530.505
MinimumVisualStudioVersion = 10.0.40219.1
Project("{FAE04EC0-301F-11D3-BF4B-00C04F79EFBC}") = "IntegerDataTypes", "IntegerDataTypes.csproj", "{3094D36A-5E82-474B-8F2D-588CBB6A1533}"
EndProject
Global
	GlobalSection(SolutionConfigurationPlatforms) = preSolution
		Debug|Any CPU = Debug|Any CPU
		Release|Any CPU = Release|Any CPU
	EndGlobalSection
	GlobalSection(ProjectConfigurationPlatforms) = postSolution
		{3094D36A-5E82-474B-8F2D-588CBB6A1533}.Debug|Any CPU.ActiveCfg = Debug|Any CPU
		{3094D36A-5E82-474B-8F2D-588CBB6A1533}.Debug|Any CPU.Build.0 = Debug|Any CPU
		{3094D36A-5E82-474B-8F2D-588CBB6A1533}.Release|Any CPU.ActiveCfg = Release|Any CPU
		{3094D36A-5E82-474B-8F2D-588CBB6A1533}.Release|Any CPU.Build.0 = Release|Any CPU
	EndGlobalSection
	GlobalSection(SolutionProperties) = preSolution
		HideSolutionNode = FALSE
	EndGlobalSection
	GlobalSection(ExtensibilityGlobals) = postSolution
		SolutionGuid = {49675D77-CEA6-4173-8269-A70072B1EB98}
	EndGlobalSection
EndGlobal
